PODS:
  - Robin (0.90.0)
  - Robin/Tests (0.90.0)

DEPENDENCIES:
  - Robin (from `../`)
  - Robin/Tests (from `../`)

EXTERNAL SOURCES:
  Robin:
    :path: "../"

SPEC CHECKSUMS:
  Robin: 35843e6580cff929d5b9b30f1639e974f388d768

PODFILE CHECKSUM: 7a19c0977f6f07fc8e88ffe8f0830e66af29087f

COCOAPODS: 1.10.1
